// !$*UTF8*$!
{
	archiveVersion = 1;
	classes = {
	};
	objectVersion = 56;
	objects = {

/* Begin PBXBuildFile section */
		A001 /* MoaboaApp.swift in Sources */ = {isa = PBXBuildFile; fileRef = B001 /* MoaboaApp.swift */; };
		A002 /* ContentView.swift in Sources */ = {isa = PBXBuildFile; fileRef = B002 /* ContentView.swift */; };
		A003 /* FinalCutView.swift in Sources */ = {isa = PBXBuildFile; fileRef = B003 /* FinalCutView.swift */; };
		A004 /* LightroomView.swift in Sources */ = {isa = PBXBuildFile; fileRef = B004 /* LightroomView.swift */; };
		A005 /* AnimationViews.swift in Sources */ = {isa = PBXBuildFile; fileRef = B005 /* AnimationViews.swift */; };
		A006 /* SharedComponents.swift in Sources */ = {isa = PBXBuildFile; fileRef = B006 /* SharedComponents.swift */; };
		A007 /* AppSettings.swift in Sources */ = {isa = PBXBuildFile; fileRef = B007 /* AppSettings.swift */; };
		A008 /* FileOrganizer.swift in Sources */ = {isa = PBXBuildFile; fileRef = B008 /* FileOrganizer.swift */; };
		A009 /* Assets.xcassets in Resources */ = {isa = PBXBuildFile; fileRef = B009 /* Assets.xcassets */; };
		A010 /* Info.plist in Resources */ = {isa = PBXBuildFile; fileRef = B010 /* Info.plist */; };
/* End PBXBuildFile section */

/* Begin PBXFileReference section */
		B001 /* MoaboaApp.swift */ = {isa = PBXFileReference; lastKnownFileType = sourcecode.swift; path = MoaboaApp.swift; sourceTree = "<group>"; };
		B002 /* ContentView.swift */ = {isa = PBXFileReference; lastKnownFileType = sourcecode.swift; path = ContentView.swift; sourceTree = "<group>"; };
		B003 /* FinalCutView.swift */ = {isa = PBXFileReference; lastKnownFileType = sourcecode.swift; path = FinalCutView.swift; sourceTree = "<group>"; };
		B004 /* LightroomView.swift */ = {isa = PBXFileReference; lastKnownFileType = sourcecode.swift; path = LightroomView.swift; sourceTree = "<group>"; };
		B005 /* AnimationViews.swift */ = {isa = PBXFileReference; lastKnownFileType = sourcecode.swift; path = AnimationViews.swift; sourceTree = "<group>"; };
		B006 /* SharedComponents.swift */ = {isa = PBXFileReference; lastKnownFileType = sourcecode.swift; path = SharedComponents.swift; sourceTree = "<group>"; };
		B007 /* AppSettings.swift */ = {isa = PBXFileReference; lastKnownFileType = sourcecode.swift; path = AppSettings.swift; sourceTree = "<group>"; };
		B008 /* FileOrganizer.swift */ = {isa = PBXFileReference; lastKnownFileType = sourcecode.swift; path = FileOrganizer.swift; sourceTree = "<group>"; };
		B009 /* Assets.xcassets */ = {isa = PBXFileReference; lastKnownFileType = folder.assetcatalog; path = Assets.xcassets; sourceTree = "<group>"; };
		B010 /* Info.plist */ = {isa = PBXFileReference; lastKnownFileType = text.plist.xml; path = Info.plist; sourceTree = "<group>"; };
		B011 /* Moaboa.entitlements */ = {isa = PBXFileReference; lastKnownFileType = text.plist.entitlements; path = Moaboa.entitlements; sourceTree = "<group>"; };
		C001 /* Moaboa.app */ = {isa = PBXFileReference; explicitFileType = wrapper.application; includeInIndex = 0; path = Moaboa.app; sourceTree = BUILT_PRODUCTS_DIR; };
/* End PBXFileReference section */

/* Begin PBXFrameworksBuildPhase section */
		D001 /* Frameworks */ = {
			isa = PBXFrameworksBuildPhase;
			buildActionMask = 2147483647;
			files = (
			);
			runOnlyForDeploymentPostprocessing = 0;
		};
/* End PBXFrameworksBuildPhase section */

/* Begin PBXGroup section */
		E000 /* Root */ = {
			isa = PBXGroup;
			children = (
				E001 /* Moaboa */,
				E002 /* Products */,
			);
			sourceTree = "<group>";
		};
		E001 /* Moaboa */ = {
			isa = PBXGroup;
			children = (
				B001 /* MoaboaApp.swift */,
				B010 /* Info.plist */,
				B011 /* Moaboa.entitlements */,
				B009 /* Assets.xcassets */,
				E003 /* Sources */,
			);
			path = Moaboa;
			sourceTree = "<group>";
		};
		E002 /* Products */ = {
			isa = PBXGroup;
			children = (
				C001 /* Moaboa.app */,
			);
			name = Products;
			sourceTree = "<group>";
		};
		E003 /* Sources */ = {
			isa = PBXGroup;
			children = (
				E004 /* Views */,
				E005 /* Models */,
				E006 /* Services */,
			);
			name = Sources;
			path = Sources;
			sourceTree = "<group>";
		};
		E004 /* Views */ = {
			isa = PBXGroup;
			children = (
				B002 /* ContentView.swift */,
				B003 /* FinalCutView.swift */,
				B004 /* LightroomView.swift */,
				B005 /* AnimationViews.swift */,
				B006 /* SharedComponents.swift */,
			);
			name = Views;
			path = Views;
			sourceTree = "<group>";
		};
		E005 /* Models */ = {
			isa = PBXGroup;
			children = (
				B007 /* AppSettings.swift */,
			);
			name = Models;
			path = Models;
			sourceTree = "<group>";
		};
		E006 /* Services */ = {
			isa = PBXGroup;
			children = (
				B008 /* FileOrganizer.swift */,
			);
			name = Services;
			path = Services;
			sourceTree = "<group>";
		};
/* End PBXGroup section */

/* Begin PBXNativeTarget section */
		F001 /* Moaboa */ = {
			isa = PBXNativeTarget;
			buildConfigurationList = G001 /* Build configuration list for PBXNativeTarget "Moaboa" */;
			buildPhases = (
				F002 /* Sources */,
				D001 /* Frameworks */,
				F003 /* Resources */,
			);
			buildRules = (
			);
			dependencies = (
			);
			name = Moaboa;
			productName = Moaboa;
			productReference = C001 /* Moaboa.app */;
			productType = "com.apple.product-type.application";
		};
/* End PBXNativeTarget section */

/* Begin PBXProject section */
		H001 /* Project object */ = {
			isa = PBXProject;
			attributes = {
				BuildIndependentTargetsInParallel = 1;
				LastSwiftUpdateCheck = 1500;
				LastUpgradeCheck = 1500;
				TargetAttributes = {
					F001 = {
						CreatedOnToolsVersion = 15.0;
					};
				};
			};
			buildConfigurationList = G002 /* Build configuration list for PBXProject "Moaboa" */;
			compatibilityVersion = "Xcode 14.0";
			developmentRegion = ko;
			hasScannedForEncodings = 0;
			knownRegions = (
				en,
				ko,
				Base,
			);
			mainGroup = E000;
			productRefGroup = E002 /* Products */;
			projectDirPath = "";
			projectRoot = "";
			targets = (
				F001 /* Moaboa */,
			);
		};
/* End PBXProject section */

/* Begin PBXResourcesBuildPhase section */
		F003 /* Resources */ = {
			isa = PBXResourcesBuildPhase;
			buildActionMask = 2147483647;
			files = (
				A009 /* Assets.xcassets in Resources */,
			);
			runOnlyForDeploymentPostprocessing = 0;
		};
/* End PBXResourcesBuildPhase section */

/* Begin PBXSourcesBuildPhase section */
		F002 /* Sources */ = {
			isa = PBXSourcesBuildPhase;
			buildActionMask = 2147483647;
			files = (
				A001 /* MoaboaApp.swift in Sources */,
				A002 /* ContentView.swift in Sources */,
				A003 /* FinalCutView.swift in Sources */,
				A004 /* LightroomView.swift in Sources */,
				A005 /* AnimationViews.swift in Sources */,
				A006 /* SharedComponents.swift in Sources */,
				A007 /* AppSettings.swift in Sources */,
				A008 /* FileOrganizer.swift in Sources */,
			);
			runOnlyForDeploymentPostprocessing = 0;
		};
/* End PBXSourcesBuildPhase section */

/* Begin XCBuildConfiguration section */
		G003 /* Debug */ = {
			isa = XCBuildConfiguration;
			buildSettings = {
				ALWAYS_SEARCH_USER_PATHS = NO;
				ASSETCATALOG_COMPILER_GENERATE_SWIFT_ASSET_SYMBOL_EXTENSIONS = YES;
				CLANG_ANALYZER_NONNULL = YES;
				CLANG_ANALYZER_NUMBER_OBJECT_CONVERSION = YES_AGGRESSIVE;
				CLANG_CXX_LANGUAGE_STANDARD = "gnu++20";
				CLANG_ENABLE_MODULES = YES;
				CLANG_ENABLE_OBJC_ARC = YES;
				CLANG_ENABLE_OBJC_WEAK = YES;
				CLANG_WARN_BLOCK_CAPTURE_AUTORELEASING = YES;
				CLANG_WARN_BOOL_CONVERSION = YES;
				CLANG_WARN_COMMA = YES;
				CLANG_WARN_CONSTANT_CONVERSION = YES;
				CLANG_WARN_DEPRECATED_OBJC_IMPLEMENTATIONS = YES;
				CLANG_WARN_DIRECT_OBJC_ISA_USAGE = YES_ERROR;
				CLANG_WARN_DOCUMENTATION_COMMENTS = YES;
				CLANG_WARN_EMPTY_BODY = YES;
				CLANG_WARN_ENUM_CONVERSION = YES;
				CLANG_WARN_INFINITE_RECURSION = YES;
				CLANG_WARN_INT_CONVERSION = YES;
				CLANG_WARN_NON_LITERAL_NULL_CONVERSION = YES;
				CLANG_WARN_OBJC_IMPLICIT_RETAIN_SELF = YES;
				CLANG_WARN_OBJC_LITERAL_CONVERSION = YES;
				CLANG_WARN_OBJC_ROOT_CLASS = YES_ERROR;
				CLANG_WARN_QUOTED_INCLUDE_IN_FRAMEWORK_HEADER = YES;
				CLANG_WARN_RANGE_LOOP_ANALYSIS = YES;
				CLANG_WARN_STRICT_PROTOTYPES = YES;
				CLANG_WARN_SUSPICIOUS_MOVE = YES;
				CLANG_WARN_UNGUARDED_AVAILABILITY = YES_AGGRESSIVE;
				CLANG_WARN_UNREACHABLE_CODE = YES;
				CLANG_WARN__DUPLICATE_METHOD_MATCH = YES;
				COPY_PHASE_STRIP = NO;
				DEBUG_INFORMATION_FORMAT = dwarf;
				ENABLE_STRICT_OBJC_MSGSEND = YES;
				ENABLE_TESTABILITY = YES;
				ENABLE_USER_SCRIPT_SANDBOXING = YES;
				GCC_C_LANGUAGE_STANDARD = gnu17;
				GCC_DYNAMIC_NO_PIC = NO;
				GCC_NO_COMMON_BLOCKS = YES;
				GCC_OPTIMIZATION_LEVEL = 0;
				GCC_PREPROCESSOR_DEFINITIONS = (
					"DEBUG=1",
					"$(inherited)",
				);
				GCC_WARN_64_TO_32_BIT_CONVERSION = YES;
				GCC_WARN_ABOUT_RETURN_TYPE = YES_ERROR;
				GCC_WARN_UNDECLARED_SELECTOR = YES;
				GCC_WARN_UNINITIALIZED_AUTOS = YES_AGGRESSIVE;
				GCC_WARN_UNUSED_FUNCTION = YES;
				GCC_WARN_UNUSED_VARIABLE = YES;
				LOCALIZATION_PREFERS_STRING_CATALOGS = YES;
				MACOSX_DEPLOYMENT_TARGET = 13.0;
				MTL_ENABLE_DEBUG_INFO = INCLUDE_SOURCE;
				MTL_FAST_MATH = YES;
				ONLY_ACTIVE_ARCH = YES;
				SDKROOT = macosx;
				SWIFT_ACTIVE_COMPILATION_CONDITIONS = "DEBUG $(inherited)";
				SWIFT_OPTIMIZATION_LEVEL = "-Onone";
			};
			name = Debug;
		};
		G004 /* Release */ = {
			isa = XCBuildConfiguration;
			buildSettings = {
				ALWAYS_SEARCH_USER_PATHS = NO;
				ASSETCATALOG_COMPILER_GENERATE_SWIFT_ASSET_SYMBOL_EXTENSIONS = YES;
				CLANG_ANALYZER_NONNULL = YES;
				CLANG_ANALYZER_NUMBER_OBJECT_CONVERSION = YES_AGGRESSIVE;
				CLANG_CXX_LANGUAGE_STANDARD = "gnu++20";
				CLANG_ENABLE_MODULES = YES;
				CLANG_ENABLE_OBJC_ARC = YES;
				CLANG_ENABLE_OBJC_WEAK = YES;
				CLANG_WARN_BLOCK_CAPTURE_AUTORELEASING = YES;
				CLANG_WARN_BOOL_CONVERSION = YES;
				CLANG_WARN_COMMA = YES;
				CLANG_WARN_CONSTANT_CONVERSION = YES;
				CLANG_WARN_DEPRECATED_OBJC_IMPLEMENTATIONS = YES;
				CLANG_WARN_DIRECT_OBJC_ISA_USAGE = YES_ERROR;
				CLANG_WARN_DOCUMENTATION_COMMENTS = YES;
				CLANG_WARN_EMPTY_BODY = YES;
				CLANG_WARN_ENUM_CONVERSION = YES;
				CLANG_WARN_INFINITE_RECURSION = YES;
				CLANG_WARN_INT_CONVERSION = YES;
				CLANG_WARN_NON_LITERAL_NULL_CONVERSION = YES;
				CLANG_WARN_OBJC_IMPLICIT_RETAIN_SELF = YES;
				CLANG_WARN_OBJC_LITERAL_CONVERSION = YES;
				CLANG_WARN_OBJC_ROOT_CLASS = YES_ERROR;
				CLANG_WARN_QUOTED_INCLUDE_IN_FRAMEWORK_HEADER = YES;
				CLANG_WARN_RANGE_LOOP_ANALYSIS = YES;
				CLANG_WARN_STRICT_PROTOTYPES = YES;
				CLANG_WARN_SUSPICIOUS_MOVE = YES;
				CLANG_WARN_UNGUARDED_AVAILABILITY = YES_AGGRESSIVE;
				CLANG_WARN_UNREACHABLE_CODE = YES;
				CLANG_WARN__DUPLICATE_METHOD_MATCH = YES;
				COPY_PHASE_STRIP = NO;
				DEBUG_INFORMATION_FORMAT = "dwarf-with-dsym";
				ENABLE_NS_ASSERTIONS = NO;
				ENABLE_STRICT_OBJC_MSGSEND = YES;
				ENABLE_USER_SCRIPT_SANDBOXING = YES;
				GCC_C_LANGUAGE_STANDARD = gnu17;
				GCC_NO_COMMON_BLOCKS = YES;
				GCC_WARN_64_TO_32_BIT_CONVERSION = YES;
				GCC_WARN_ABOUT_RETURN_TYPE = YES_ERROR;
				GCC_WARN_UNDECLARED_SELECTOR = YES;
				GCC_WARN_UNINITIALIZED_AUTOS = YES_AGGRESSIVE;
				GCC_WARN_UNUSED_FUNCTION = YES;
				GCC_WARN_UNUSED_VARIABLE = YES;
				LOCALIZATION_PREFERS_STRING_CATALOGS = YES;
				MACOSX_DEPLOYMENT_TARGET = 13.0;
				MTL_FAST_MATH = YES;
				SDKROOT = macosx;
				SWIFT_COMPILATION_MODE = wholemodule;
			};
			name = Release;
		};
		G005 /* Debug */ = {
			isa = XCBuildConfiguration;
			buildSettings = {
				ASSETCATALOG_COMPILER_APPICON_NAME = AppIcon;
				ASSETCATALOG_COMPILER_GLOBAL_ACCENT_COLOR_NAME = AccentColor;
				CODE_SIGN_ENTITLEMENTS = Moaboa/Moaboa.entitlements;
				CODE_SIGN_STYLE = Automatic;
				COMBINE_HIDPI_IMAGES = YES;
				CURRENT_PROJECT_VERSION = 1;
				GENERATE_INFOPLIST_FILE = NO;
				INFOPLIST_FILE = Moaboa/Info.plist;
				LD_RUNPATH_SEARCH_PATHS = (
					"$(inherited)",
					"@executable_path/../Frameworks",
				);
				MARKETING_VERSION = 1.0;
				PRODUCT_BUNDLE_IDENTIFIER = com.moaboa.app;
				PRODUCT_NAME = "$(TARGET_NAME)";
				SWIFT_EMIT_LOC_STRINGS = YES;
				SWIFT_VERSION = 5.0;
			};
			name = Debug;
		};
		G006 /* Release */ = {
			isa = XCBuildConfiguration;
			buildSettings = {
				ASSETCATALOG_COMPILER_APPICON_NAME = AppIcon;
				ASSETCATALOG_COMPILER_GLOBAL_ACCENT_COLOR_NAME = AccentColor;
				CODE_SIGN_ENTITLEMENTS = Moaboa/Moaboa.entitlements;
				CODE_SIGN_STYLE = Automatic;
				COMBINE_HIDPI_IMAGES = YES;
				CURRENT_PROJECT_VERSION = 1;
				GENERATE_INFOPLIST_FILE = NO;
				INFOPLIST_FILE = Moaboa/Info.plist;
				LD_RUNPATH_SEARCH_PATHS = (
					"$(inherited)",
					"@executable_path/../Frameworks",
				);
				MARKETING_VERSION = 1.0;
				PRODUCT_BUNDLE_IDENTIFIER = com.moaboa.app;
				PRODUCT_NAME = "$(TARGET_NAME)";
				SWIFT_EMIT_LOC_STRINGS = YES;
				SWIFT_VERSION = 5.0;
			};
			name = Release;
		};
/* End XCBuildConfiguration section */

/* Begin XCConfigurationList section */
		G001 /* Build configuration list for PBXNativeTarget "Moaboa" */ = {
			isa = XCConfigurationList;
			buildConfigurations = (
				G005 /* Debug */,
				G006 /* Release */,
			);
			defaultConfigurationIsVisible = 0;
			defaultConfigurationName = Release;
		};
		G002 /* Build configuration list for PBXProject "Moaboa" */ = {
			isa = XCConfigurationList;
			buildConfigurations = (
				G003 /* Debug */,
				G004 /* Release */,
			);
			defaultConfigurationIsVisible = 0;
			defaultConfigurationName = Release;
		};
/* End XCConfigurationList section */

	};
	rootObject = H001 /* Project object */;
}
